
Microsoft Visual Studio Solution File, Format Version 12.00
# Visual Studio Version 17
VisualStudioVersion = 17.4.33103.184
MinimumVisualStudioVersion = 10.0.40219.1
Project("{FAE04EC0-301F-11D3-BF4B-00C04F79EFBC}") = "230713_ConsoleApp1_CsharpTutorial_by_Derek_Banas", "230713_ConsoleApp1_CsharpTutorial_by_Derek_Banas\230713_ConsoleApp1_CsharpTutorial_by_Derek_Banas.csproj", "{1CBC59F1-6AB5-4F02-BC0A-74137747167C}"
EndProject
Global
	GlobalSection(SolutionConfigurationPlatforms) = preSolution
		Debug|Any CPU = Debug|Any CPU
		Release|Any CPU = Release|Any CPU
	EndGlobalSection
	GlobalSection(ProjectConfigurationPlatforms) = postSolution
		{1CBC59F1-6AB5-4F02-BC0A-74137747167C}.Debug|Any CPU.ActiveCfg = Debug|Any CPU
		{1CBC59F1-6AB5-4F02-BC0A-74137747167C}.Debug|Any CPU.Build.0 = Debug|Any CPU
		{1CBC59F1-6AB5-4F02-BC0A-74137747167C}.Release|Any CPU.ActiveCfg = Release|Any CPU
		{1CBC59F1-6AB5-4F02-BC0A-74137747167C}.Release|Any CPU.Build.0 = Release|Any CPU
	EndGlobalSection
	GlobalSection(SolutionProperties) = preSolution
		HideSolutionNode = FALSE
	EndGlobalSection
	GlobalSection(ExtensibilityGlobals) = postSolution
		SolutionGuid = {02F54765-AAD7-4C6D-84F6-3321AA89F19F}
	EndGlobalSection
EndGlobal
