
Microsoft Visual Studio Solution File, Format Version 12.00
# Visual Studio Version 17
VisualStudioVersion = 17.4.33103.184
MinimumVisualStudioVersion = 10.0.40219.1
Project("{FAE04EC0-301F-11D3-BF4B-00C04F79EFBC}") = "Arduino_WindowsFormsApp1", "Arduino_WindowsFormsApp1\Arduino_WindowsFormsApp1.csproj", "{179675E6-7FF1-4EF7-9294-AB7A8BDA7042}"
EndProject
Global
	GlobalSection(SolutionConfigurationPlatforms) = preSolution
		Debug|Any CPU = Debug|Any CPU
		Release|Any CPU = Release|Any CPU
	EndGlobalSection
	GlobalSection(ProjectConfigurationPlatforms) = postSolution
		{179675E6-7FF1-4EF7-9294-AB7A8BDA7042}.Debug|Any CPU.ActiveCfg = Debug|Any CPU
		{179675E6-7FF1-4EF7-9294-AB7A8BDA7042}.Debug|Any CPU.Build.0 = Debug|Any CPU
		{179675E6-7FF1-4EF7-9294-AB7A8BDA7042}.Release|Any CPU.ActiveCfg = Release|Any CPU
		{179675E6-7FF1-4EF7-9294-AB7A8BDA7042}.Release|Any CPU.Build.0 = Release|Any CPU
	EndGlobalSection
	GlobalSection(SolutionProperties) = preSolution
		HideSolutionNode = FALSE
	EndGlobalSection
	GlobalSection(ExtensibilityGlobals) = postSolution
		SolutionGuid = {DD1CB89E-F3CB-4584-A367-05A45DD449BC}
	EndGlobalSection
EndGlobal
